{
  "name": "zmann",
  "lockfileVersion": 3,
  "requires": true,
  "packages": {
    "": {
      "devDependencies": {
        "@moonrepo/cli": "^1.19.0"
      }
    },
    "node_modules/@moonrepo/cli": {
      "version": "1.19.0",
      "resolved": "https://registry.npmjs.org/@moonrepo/cli/-/cli-1.19.0.tgz",
      "integrity": "sha512-yyDb32xvNDJuoaMFm6vT4BlIhgPij+XeQcWYGVgZ53klX0daBm7PEYkurLC8cxHRZsRsCWCWtLaunn/qoL2I+Q==",
      "dev": true,
      "hasInstallScript": true,
      "dependencies": {
        "detect-libc": "^2.0.2"
      },
      "bin": {
        "moon": "moon"
      },
      "optionalDependencies": {
        "@moonrepo/core-linux-arm64-gnu": "1.19.0",
        "@moonrepo/core-linux-arm64-musl": "1.19.0",
        "@moonrepo/core-linux-x64-gnu": "1.19.0",
        "@moonrepo/core-linux-x64-musl": "1.19.0",
        "@moonrepo/core-macos-arm64": "1.19.0",
        "@moonrepo/core-macos-x64": "1.19.0",
        "@moonrepo/core-windows-x64-msvc": "1.19.0"
      }
    },
    "node_modules/@moonrepo/core-linux-arm64-gnu": {
      "version": "1.19.0",
      "resolved": "https://registry.npmjs.org/@moonrepo/core-linux-arm64-gnu/-/core-linux-arm64-gnu-1.19.0.tgz",
      "integrity": "sha512-Tr5HGwa3QWwPybLzVPuXVJVhZNY1Y42T7V7+HrWPOJLxbljZGxN/ouiOWhcBqcHN1y6gfvmmxWn68/KQnhIT2w==",
      "cpu": [
        "arm64"
      ],
      "dev": true,
      "optional": true,
      "os": [
        "linux"
      ]
    },
    "node_modules/@moonrepo/core-linux-arm64-musl": {
      "version": "1.19.0",
      "resolved": "https://registry.npmjs.org/@moonrepo/core-linux-arm64-musl/-/core-linux-arm64-musl-1.19.0.tgz",
      "integrity": "sha512-ULBf7YT/KDvUdRf3mjcw/I7KetxDfRkC0jmpUKZGsXHhb2kFsareMsSiEmX2qLC3og6Hdx0TMPs3oLRU7PkZpA==",
      "cpu": [
        "arm64"
      ],
      "dev": true,
      "optional": true,
      "os": [
        "linux"
      ]
    },
    "node_modules/@moonrepo/core-linux-x64-gnu": {
      "version": "1.19.0",
      "resolved": "https://registry.npmjs.org/@moonrepo/core-linux-x64-gnu/-/core-linux-x64-gnu-1.19.0.tgz",
      "integrity": "sha512-EzGnyg9U/WPW854348shn/DdG/RgjZNfKhHJlEfj5GH2Fj7tIYKvonknnJmACYVkpoIQ14mkwTE9PufjKgkwXQ==",
      "cpu": [
        "x64"
      ],
      "dev": true,
      "optional": true,
      "os": [
        "linux"
      ]
    },
    "node_modules/@moonrepo/core-linux-x64-musl": {
      "version": "1.19.0",
      "resolved": "https://registry.npmjs.org/@moonrepo/core-linux-x64-musl/-/core-linux-x64-musl-1.19.0.tgz",
      "integrity": "sha512-cM8RgMBQABWNoJriRDr5Xce07SrgjWI7kXrHK0sFBED9gjKJ9OpAox3OjnjUC0DV0309CMRyEswj3R2z6iDtWg==",
      "cpu": [
        "x64"
      ],
      "dev": true,
      "optional": true,
      "os": [
        "linux"
      ]
    },
    "node_modules/@moonrepo/core-macos-arm64": {
      "version": "1.19.0",
      "resolved": "https://registry.npmjs.org/@moonrepo/core-macos-arm64/-/core-macos-arm64-1.19.0.tgz",
      "integrity": "sha512-WEIDwFmSHcxP10ZHSoLWVuSWI/UURqY+0pxhs8Pdtro5aFJ+ww2j9kxp+2Q/8DmI84eqtzabq1+O+pkV3+DFvw==",
      "cpu": [
        "arm64"
      ],
      "dev": true,
      "optional": true,
      "os": [
        "darwin"
      ]
    },
    "node_modules/@moonrepo/core-macos-x64": {
      "version": "1.19.0",
      "resolved": "https://registry.npmjs.org/@moonrepo/core-macos-x64/-/core-macos-x64-1.19.0.tgz",
      "integrity": "sha512-Pe9wq75anb2VcnuNmj4xaZT655ogBbR5Xa6DzJO8huBF9sTlDlu/lFa8Kr77PVON4yReH7BPU+OIHxibozqYTQ==",
      "cpu": [
        "x64"
      ],
      "dev": true,
      "optional": true,
      "os": [
        "darwin"
      ]
    },
    "node_modules/@moonrepo/core-windows-x64-msvc": {
      "version": "1.19.0",
      "resolved": "https://registry.npmjs.org/@moonrepo/core-windows-x64-msvc/-/core-windows-x64-msvc-1.19.0.tgz",
      "integrity": "sha512-IkRniy5WLV5UYh95z0I6NVAMFvnq3iYv0DYSmgVaszJCTxnOye1iuC7J4bZBHSURuN5H8+nsawlg1okgxzAfmw==",
      "cpu": [
        "x64"
      ],
      "dev": true,
      "optional": true,
      "os": [
        "win32"
      ]
    },
    "node_modules/detect-libc": {
      "version": "2.0.2",
      "resolved": "https://registry.npmjs.org/detect-libc/-/detect-libc-2.0.2.tgz",
      "integrity": "sha512-UX6sGumvvqSaXgdKGUsgZWqcUyIXZ/vZTrlRT/iobiKhGL0zL4d3osHj3uqllWJK+i+sixDS/3COVEOFbupFyw==",
      "dev": true,
      "engines": {
        "node": ">=8"
      }
    }
  }
}
